// !$*UTF8*$!
{
	archiveVersion = 1;
	classes = {
	};
	objectVersion = 50;
	objects = {

/* Begin PBXBuildFile section */
		430B56102319878D00D409C7 /* AppDelegate.swift in Sources */ = {isa = PBXBuildFile; fileRef = 430B560F2319878D00D409C7 /* AppDelegate.swift */; };
		430B56152319878D00D409C7 /* Main.storyboard in Resources */ = {isa = PBXBuildFile; fileRef = 430B56132319878D00D409C7 /* Main.storyboard */; };
		430B56182319878D00D409C7 /* TimeTracker.xcdatamodeld in Sources */ = {isa = PBXBuildFile; fileRef = 430B56162319878D00D409C7 /* TimeTracker.xcdatamodeld */; };
		430B561A2319878E00D409C7 /* Assets.xcassets in Resources */ = {isa = PBXBuildFile; fileRef = 430B56192319878E00D409C7 /* Assets.xcassets */; };
		430B561D2319878E00D409C7 /* LaunchScreen.storyboard in Resources */ = {isa = PBXBuildFile; fileRef = 430B561B2319878E00D409C7 /* LaunchScreen.storyboard */; };
		436F292B231C695A00763C4B /* HobbyDetailsViewController.swift in Sources */ = {isa = PBXBuildFile; fileRef = 436F292A231C695A00763C4B /* HobbyDetailsViewController.swift */; };
		436F292D231C6F8600763C4B /* AddHobbyViewController.swift in Sources */ = {isa = PBXBuildFile; fileRef = 436F292C231C6F8600763C4B /* AddHobbyViewController.swift */; };
		43896806231B643C007C931B /* Hobby.swift in Sources */ = {isa = PBXBuildFile; fileRef = 43896805231B643C007C931B /* Hobby.swift */; };
		43896808231B6A5E007C931B /* HobbieTableViewController.swift in Sources */ = {isa = PBXBuildFile; fileRef = 43896807231B6A5E007C931B /* HobbieTableViewController.swift */; };
/* End PBXBuildFile section */

/* Begin PBXFileReference section */
		430B560C2319878D00D409C7 /* TimeTracker.app */ = {isa = PBXFileReference; explicitFileType = wrapper.application; includeInIndex = 0; path = TimeTracker.app; sourceTree = BUILT_PRODUCTS_DIR; };
		430B560F2319878D00D409C7 /* AppDelegate.swift */ = {isa = PBXFileReference; lastKnownFileType = sourcecode.swift; path = AppDelegate.swift; sourceTree = "<group>"; };
		430B56142319878D00D409C7 /* Base */ = {isa = PBXFileReference; lastKnownFileType = file.storyboard; name = Base; path = Base.lproj/Main.storyboard; sourceTree = "<group>"; };
		430B56172319878D00D409C7 /* TimeTracker.xcdatamodel */ = {isa = PBXFileReference; lastKnownFileType = wrapper.xcdatamodel; path = TimeTracker.xcdatamodel; sourceTree = "<group>"; };
		430B56192319878E00D409C7 /* Assets.xcassets */ = {isa = PBXFileReference; lastKnownFileType = folder.assetcatalog; path = Assets.xcassets; sourceTree = "<group>"; };
		430B561C2319878E00D409C7 /* Base */ = {isa = PBXFileReference; lastKnownFileType = file.storyboard; name = Base; path = Base.lproj/LaunchScreen.storyboard; sourceTree = "<group>"; };
		430B561E2319878E00D409C7 /* Info.plist */ = {isa = PBXFileReference; lastKnownFileType = text.plist.xml; path = Info.plist; sourceTree = "<group>"; };
		436F292A231C695A00763C4B /* HobbyDetailsViewController.swift */ = {isa = PBXFileReference; lastKnownFileType = sourcecode.swift; path = HobbyDetailsViewController.swift; sourceTree = "<group>"; };
		436F292C231C6F8600763C4B /* AddHobbyViewController.swift */ = {isa = PBXFileReference; lastKnownFileType = sourcecode.swift; path = AddHobbyViewController.swift; sourceTree = "<group>"; };
		43896805231B643C007C931B /* Hobby.swift */ = {isa = PBXFileReference; lastKnownFileType = sourcecode.swift; path = Hobby.swift; sourceTree = "<group>"; };
		43896807231B6A5E007C931B /* HobbieTableViewController.swift */ = {isa = PBXFileReference; lastKnownFileType = sourcecode.swift; path = HobbieTableViewController.swift; sourceTree = "<group>"; };
/* End PBXFileReference section */

/* Begin PBXFrameworksBuildPhase section */
		430B56092319878D00D409C7 /* Frameworks */ = {
			isa = PBXFrameworksBuildPhase;
			buildActionMask = 2147483647;
			files = (
			);
			runOnlyForDeploymentPostprocessing = 0;
		};
/* End PBXFrameworksBuildPhase section */

/* Begin PBXGroup section */
		430B56032319878D00D409C7 = {
			isa = PBXGroup;
			children = (
				430B560E2319878D00D409C7 /* TimeTracker */,
				430B560D2319878D00D409C7 /* Products */,
			);
			sourceTree = "<group>";
		};
		430B560D2319878D00D409C7 /* Products */ = {
			isa = PBXGroup;
			children = (
				430B560C2319878D00D409C7 /* TimeTracker.app */,
			);
			name = Products;
			sourceTree = "<group>";
		};
		430B560E2319878D00D409C7 /* TimeTracker */ = {
			isa = PBXGroup;
			children = (
				430B560F2319878D00D409C7 /* AppDelegate.swift */,
				430B56132319878D00D409C7 /* Main.storyboard */,
				43896807231B6A5E007C931B /* HobbieTableViewController.swift */,
				436F292A231C695A00763C4B /* HobbyDetailsViewController.swift */,
				430B56192319878E00D409C7 /* Assets.xcassets */,
				430B561B2319878E00D409C7 /* LaunchScreen.storyboard */,
				430B561E2319878E00D409C7 /* Info.plist */,
				430B56162319878D00D409C7 /* TimeTracker.xcdatamodeld */,
				43896805231B643C007C931B /* Hobby.swift */,
				436F292C231C6F8600763C4B /* AddHobbyViewController.swift */,
			);
			path = TimeTracker;
			sourceTree = "<group>";
		};
/* End PBXGroup section */

/* Begin PBXNativeTarget section */
		430B560B2319878D00D409C7 /* TimeTracker */ = {
			isa = PBXNativeTarget;
			buildConfigurationList = 430B56212319878E00D409C7 /* Build configuration list for PBXNativeTarget "TimeTracker" */;
			buildPhases = (
				430B56082319878D00D409C7 /* Sources */,
				430B56092319878D00D409C7 /* Frameworks */,
				430B560A2319878D00D409C7 /* Resources */,
			);
			buildRules = (
			);
			dependencies = (
			);
			name = TimeTracker;
			productName = TimeTracker;
			productReference = 430B560C2319878D00D409C7 /* TimeTracker.app */;
			productType = "com.apple.product-type.application";
		};
/* End PBXNativeTarget section */

/* Begin PBXProject section */
		430B56042319878D00D409C7 /* Project object */ = {
			isa = PBXProject;
			attributes = {
				LastSwiftUpdateCheck = 1030;
				LastUpgradeCheck = 1030;
				ORGANIZATIONNAME = "Tamara And Victor";
				TargetAttributes = {
					430B560B2319878D00D409C7 = {
						CreatedOnToolsVersion = 10.3;
					};
				};
			};
			buildConfigurationList = 430B56072319878D00D409C7 /* Build configuration list for PBXProject "TimeTracker" */;
			compatibilityVersion = "Xcode 9.3";
			developmentRegion = en;
			hasScannedForEncodings = 0;
			knownRegions = (
				en,
				Base,
			);
			mainGroup = 430B56032319878D00D409C7;
			productRefGroup = 430B560D2319878D00D409C7 /* Products */;
			projectDirPath = "";
			projectRoot = "";
			targets = (
				430B560B2319878D00D409C7 /* TimeTracker */,
			);
		};
/* End PBXProject section */

/* Begin PBXResourcesBuildPhase section */
		430B560A2319878D00D409C7 /* Resources */ = {
			isa = PBXResourcesBuildPhase;
			buildActionMask = 2147483647;
			files = (
				430B561D2319878E00D409C7 /* LaunchScreen.storyboard in Resources */,
				430B561A2319878E00D409C7 /* Assets.xcassets in Resources */,
				430B56152319878D00D409C7 /* Main.storyboard in Resources */,
			);
			runOnlyForDeploymentPostprocessing = 0;
		};
/* End PBXResourcesBuildPhase section */

/* Begin PBXSourcesBuildPhase section */
		430B56082319878D00D409C7 /* Sources */ = {
			isa = PBXSourcesBuildPhase;
			buildActionMask = 2147483647;
			files = (
				43896808231B6A5E007C931B /* HobbieTableViewController.swift in Sources */,
				436F292B231C695A00763C4B /* HobbyDetailsViewController.swift in Sources */,
				430B56102319878D00D409C7 /* AppDelegate.swift in Sources */,
				436F292D231C6F8600763C4B /* AddHobbyViewController.swift in Sources */,
				43896806231B643C007C931B /* Hobby.swift in Sources */,
				430B56182319878D00D409C7 /* TimeTracker.xcdatamodeld in Sources */,
			);
			runOnlyForDeploymentPostprocessing = 0;
		};
/* End PBXSourcesBuildPhase section */

/* Begin PBXVariantGroup section */
		430B56132319878D00D409C7 /* Main.storyboard */ = {
			isa = PBXVariantGroup;
			children = (
				430B56142319878D00D409C7 /* Base */,
			);
			name = Main.storyboard;
			sourceTree = "<group>";
		};
		430B561B2319878E00D409C7 /* LaunchScreen.storyboard */ = {
			isa = PBXVariantGroup;
			children = (
				430B561C2319878E00D409C7 /* Base */,
			);
			name = LaunchScreen.storyboard;
			sourceTree = "<group>";
		};
/* End PBXVariantGroup section */

/* Begin XCBuildConfiguration section */
		430B561F2319878E00D409C7 /* Debug */ = {
			isa = XCBuildConfiguration;
			buildSettings = {
				ALWAYS_SEARCH_USER_PATHS = NO;
				CLANG_ANALYZER_NONNULL = YES;
				CLANG_ANALYZER_NUMBER_OBJECT_CONVERSION = YES_AGGRESSIVE;
				CLANG_CXX_LANGUAGE_STANDARD = "gnu++14";
				CLANG_CXX_LIBRARY = "libc++";
				CLANG_ENABLE_MODULES = YES;
				CLANG_ENABLE_OBJC_ARC = YES;
				CLANG_ENABLE_OBJC_WEAK = YES;
				CLANG_WARN_BLOCK_CAPTURE_AUTORELEASING = YES;
				CLANG_WARN_BOOL_CONVERSION = YES;
				CLANG_WARN_COMMA = YES;
				CLANG_WARN_CONSTANT_CONVERSION = YES;
				CLANG_WARN_DEPRECATED_OBJC_IMPLEMENTATIONS = YES;
				CLANG_WARN_DIRECT_OBJC_ISA_USAGE = YES_ERROR;
				CLANG_WARN_DOCUMENTATION_COMMENTS = YES;
				CLANG_WARN_EMPTY_BODY = YES;
				CLANG_WARN_ENUM_CONVERSION = YES;
				CLANG_WARN_INFINITE_RECURSION = YES;
				CLANG_WARN_INT_CONVERSION = YES;
				CLANG_WARN_NON_LITERAL_NULL_CONVERSION = YES;
				CLANG_WARN_OBJC_IMPLICIT_RETAIN_SELF = YES;
				CLANG_WARN_OBJC_LITERAL_CONVERSION = YES;
				CLANG_WARN_OBJC_ROOT_CLASS = YES_ERROR;
				CLANG_WARN_RANGE_LOOP_ANALYSIS = YES;
				CLANG_WARN_STRICT_PROTOTYPES = YES;
				CLANG_WARN_SUSPICIOUS_MOVE = YES;
				CLANG_WARN_UNGUARDED_AVAILABILITY = YES_AGGRESSIVE;
				CLANG_WARN_UNREACHABLE_CODE = YES;
				CLANG_WARN__DUPLICATE_METHOD_MATCH = YES;
				CODE_SIGN_IDENTITY = "iPhone Developer";
				COPY_PHASE_STRIP = NO;
				DEBUG_INFORMATION_FORMAT = dwarf;
				ENABLE_STRICT_OBJC_MSGSEND = YES;
				ENABLE_TESTABILITY = YES;
				GCC_C_LANGUAGE_STANDARD = gnu11;
				GCC_DYNAMIC_NO_PIC = NO;
				GCC_NO_COMMON_BLOCKS = YES;
				GCC_OPTIMIZATION_LEVEL = 0;
				GCC_PREPROCESSOR_DEFINITIONS = (
					"DEBUG=1",
					"$(inherited)",
				);
				GCC_WARN_64_TO_32_BIT_CONVERSION = YES;
				GCC_WARN_ABOUT_RETURN_TYPE = YES_ERROR;
				GCC_WARN_UNDECLARED_SELECTOR = YES;
				GCC_WARN_UNINITIALIZED_AUTOS = YES_AGGRESSIVE;
				GCC_WARN_UNUSED_FUNCTION = YES;
				GCC_WARN_UNUSED_VARIABLE = YES;
				IPHONEOS_DEPLOYMENT_TARGET = 12.4;
				MTL_ENABLE_DEBUG_INFO = INCLUDE_SOURCE;
				MTL_FAST_MATH = YES;
				ONLY_ACTIVE_ARCH = YES;
				SDKROOT = iphoneos;
				SWIFT_ACTIVE_COMPILATION_CONDITIONS = DEBUG;
				SWIFT_OPTIMIZATION_LEVEL = "-Onone";
			};
			name = Debug;
		};
		430B56202319878E00D409C7 /* Release */ = {
			isa = XCBuildConfiguration;
			buildSettings = {
				ALWAYS_SEARCH_USER_PATHS = NO;
				CLANG_ANALYZER_NONNULL = YES;
				CLANG_ANALYZER_NUMBER_OBJECT_CONVERSION = YES_AGGRESSIVE;
				CLANG_CXX_LANGUAGE_STANDARD = "gnu++14";
				CLANG_CXX_LIBRARY = "libc++";
				CLANG_ENABLE_MODULES = YES;
				CLANG_ENABLE_OBJC_ARC = YES;
				CLANG_ENABLE_OBJC_WEAK = YES;
				CLANG_WARN_BLOCK_CAPTURE_AUTORELEASING = YES;
				CLANG_WARN_BOOL_CONVERSION = YES;
				CLANG_WARN_COMMA = YES;
				CLANG_WARN_CONSTANT_CONVERSION = YES;
				CLANG_WARN_DEPRECATED_OBJC_IMPLEMENTATIONS = YES;
				CLANG_WARN_DIRECT_OBJC_ISA_USAGE = YES_ERROR;
				CLANG_WARN_DOCUMENTATION_COMMENTS = YES;
				CLANG_WARN_EMPTY_BODY = YES;
				CLANG_WARN_ENUM_CONVERSION = YES;
				CLANG_WARN_INFINITE_RECURSION = YES;
				CLANG_WARN_INT_CONVERSION = YES;
				CLANG_WARN_NON_LITERAL_NULL_CONVERSION = YES;
				CLANG_WARN_OBJC_IMPLICIT_RETAIN_SELF = YES;
				CLANG_WARN_OBJC_LITERAL_CONVERSION = YES;
				CLANG_WARN_OBJC_ROOT_CLASS = YES_ERROR;
				CLANG_WARN_RANGE_LOOP_ANALYSIS = YES;
				CLANG_WARN_STRICT_PROTOTYPES = YES;
				CLANG_WARN_SUSPICIOUS_MOVE = YES;
				CLANG_WARN_UNGUARDED_AVAILABILITY = YES_AGGRESSIVE;
				CLANG_WARN_UNREACHABLE_CODE = YES;
				CLANG_WARN__DUPLICATE_METHOD_MATCH = YES;
				CODE_SIGN_IDENTITY = "iPhone Developer";
				COPY_PHASE_STRIP = NO;
				DEBUG_INFORMATION_FORMAT = "dwarf-with-dsym";
				ENABLE_NS_ASSERTIONS = NO;
				ENABLE_STRICT_OBJC_MSGSEND = YES;
				GCC_C_LANGUAGE_STANDARD = gnu11;
				GCC_NO_COMMON_BLOCKS = YES;
				GCC_WARN_64_TO_32_BIT_CONVERSION = YES;
				GCC_WARN_ABOUT_RETURN_TYPE = YES_ERROR;
				GCC_WARN_UNDECLARED_SELECTOR = YES;
				GCC_WARN_UNINITIALIZED_AUTOS = YES_AGGRESSIVE;
				GCC_WARN_UNUSED_FUNCTION = YES;
				GCC_WARN_UNUSED_VARIABLE = YES;
				IPHONEOS_DEPLOYMENT_TARGET = 12.4;
				MTL_ENABLE_DEBUG_INFO = NO;
				MTL_FAST_MATH = YES;
				SDKROOT = iphoneos;
				SWIFT_COMPILATION_MODE = wholemodule;
				SWIFT_OPTIMIZATION_LEVEL = "-O";
				VALIDATE_PRODUCT = YES;
			};
			name = Release;
		};
		430B56222319878E00D409C7 /* Debug */ = {
			isa = XCBuildConfiguration;
			buildSettings = {
				ASSETCATALOG_COMPILER_APPICON_NAME = AppIcon;
				CODE_SIGN_STYLE = Automatic;
				INFOPLIST_FILE = TimeTracker/Info.plist;
				LD_RUNPATH_SEARCH_PATHS = (
					"$(inherited)",
					"@executable_path/Frameworks",
				);
				PRODUCT_BUNDLE_IDENTIFIER = com.shaary.TimeTracker;
				PRODUCT_NAME = "$(TARGET_NAME)";
				SWIFT_VERSION = 5.0;
				TARGETED_DEVICE_FAMILY = "1,2";
			};
			name = Debug;
		};
		430B56232319878E00D409C7 /* Release */ = {
			isa = XCBuildConfiguration;
			buildSettings = {
				ASSETCATALOG_COMPILER_APPICON_NAME = AppIcon;
				CODE_SIGN_STYLE = Automatic;
				INFOPLIST_FILE = TimeTracker/Info.plist;
				LD_RUNPATH_SEARCH_PATHS = (
					"$(inherited)",
					"@executable_path/Frameworks",
				);
				PRODUCT_BUNDLE_IDENTIFIER = com.shaary.TimeTracker;
				PRODUCT_NAME = "$(TARGET_NAME)";
				SWIFT_VERSION = 5.0;
				TARGETED_DEVICE_FAMILY = "1,2";
			};
			name = Release;
		};
/* End XCBuildConfiguration section */

/* Begin XCConfigurationList section */
		430B56072319878D00D409C7 /* Build configuration list for PBXProject "TimeTracker" */ = {
			isa = XCConfigurationList;
			buildConfigurations = (
				430B561F2319878E00D409C7 /* Debug */,
				430B56202319878E00D409C7 /* Release */,
			);
			defaultConfigurationIsVisible = 0;
			defaultConfigurationName = Release;
		};
		430B56212319878E00D409C7 /* Build configuration list for PBXNativeTarget "TimeTracker" */ = {
			isa = XCConfigurationList;
			buildConfigurations = (
				430B56222319878E00D409C7 /* Debug */,
				430B56232319878E00D409C7 /* Release */,
			);
			defaultConfigurationIsVisible = 0;
			defaultConfigurationName = Release;
		};
/* End XCConfigurationList section */

/* Begin XCVersionGroup section */
		430B56162319878D00D409C7 /* TimeTracker.xcdatamodeld */ = {
			isa = XCVersionGroup;
			children = (
				430B56172319878D00D409C7 /* TimeTracker.xcdatamodel */,
			);
			currentVersion = 430B56172319878D00D409C7 /* TimeTracker.xcdatamodel */;
			path = TimeTracker.xcdatamodeld;
			sourceTree = "<group>";
			versionGroupType = wrapper.xcdatamodel;
		};
/* End XCVersionGroup section */
	};
	rootObject = 430B56042319878D00D409C7 /* Project object */;
}
